// !$*UTF8*$!
{
	archiveVersion = 1;
	classes = {
	};
	objectVersion = 56;
	objects = {

/* Begin PBXBuildFile section */
		F53D74582C10B74100B3738D /* BeastroAppApp.swift in Sources */ = {isa = PBXBuildFile; fileRef = F53D74572C10B74100B3738D /* BeastroAppApp.swift */; };
		F53D745A2C10B74100B3738D /* ContentView.swift in Sources */ = {isa = PBXBuildFile; fileRef = F53D74592C10B74100B3738D /* ContentView.swift */; };
		F53D745C2C10B75000B3738D /* Assets.xcassets in Resources */ = {isa = PBXBuildFile; fileRef = F53D745B2C10B75000B3738D /* Assets.xcassets */; };
		F53D745F2C10B75000B3738D /* Preview Assets.xcassets in Resources */ = {isa = PBXBuildFile; fileRef = F53D745E2C10B75000B3738D /* Preview Assets.xcassets */; };
		F53D74692C10B75100B3738D /* BeastroAppTests.swift in Sources */ = {isa = PBXBuildFile; fileRef = F53D74682C10B75100B3738D /* BeastroAppTests.swift */; };
		F53D74732C10B75100B3738D /* BeastroAppUITests.swift in Sources */ = {isa = PBXBuildFile; fileRef = F53D74722C10B75100B3738D /* BeastroAppUITests.swift */; };
		F53D74752C10B75100B3738D /* BeastroAppUITestsLaunchTests.swift in Sources */ = {isa = PBXBuildFile; fileRef = F53D74742C10B75100B3738D /* BeastroAppUITestsLaunchTests.swift */; };
		F53D74822C10B79200B3738D /* BuisnessHours.swift in Sources */ = {isa = PBXBuildFile; fileRef = F53D74812C10B79200B3738D /* BuisnessHours.swift */; };
		F53D74842C10B80E00B3738D /* HoursViewModel.swift in Sources */ = {isa = PBXBuildFile; fileRef = F53D74832C10B80E00B3738D /* HoursViewModel.swift */; };
		F53D74862C10BA3F00B3738D /* README.md in Resources */ = {isa = PBXBuildFile; fileRef = F53D74852C10BA3F00B3738D /* README.md */; };
		F53D74882C10C4F500B3738D /* Location.swift in Sources */ = {isa = PBXBuildFile; fileRef = F53D74872C10C4F400B3738D /* Location.swift */; };
/* End PBXBuildFile section */

/* Begin PBXContainerItemProxy section */
		F53D74652C10B75100B3738D /* PBXContainerItemProxy */ = {
			isa = PBXContainerItemProxy;
			containerPortal = F53D744C2C10B74000B3738D /* Project object */;
			proxyType = 1;
			remoteGlobalIDString = F53D74532C10B74000B3738D;
			remoteInfo = BeastroApp;
		};
		F53D746F2C10B75100B3738D /* PBXContainerItemProxy */ = {
			isa = PBXContainerItemProxy;
			containerPortal = F53D744C2C10B74000B3738D /* Project object */;
			proxyType = 1;
			remoteGlobalIDString = F53D74532C10B74000B3738D;
			remoteInfo = BeastroApp;
		};
/* End PBXContainerItemProxy section */

/* Begin PBXFileReference section */
		F53D74542C10B74100B3738D /* BeastroApp.app */ = {isa = PBXFileReference; explicitFileType = wrapper.application; includeInIndex = 0; path = BeastroApp.app; sourceTree = BUILT_PRODUCTS_DIR; };
		F53D74572C10B74100B3738D /* BeastroAppApp.swift */ = {isa = PBXFileReference; lastKnownFileType = sourcecode.swift; path = BeastroAppApp.swift; sourceTree = "<group>"; };
		F53D74592C10B74100B3738D /* ContentView.swift */ = {isa = PBXFileReference; lastKnownFileType = sourcecode.swift; path = ContentView.swift; sourceTree = "<group>"; };
		F53D745B2C10B75000B3738D /* Assets.xcassets */ = {isa = PBXFileReference; lastKnownFileType = folder.assetcatalog; path = Assets.xcassets; sourceTree = "<group>"; };
		F53D745E2C10B75000B3738D /* Preview Assets.xcassets */ = {isa = PBXFileReference; lastKnownFileType = folder.assetcatalog; path = "Preview Assets.xcassets"; sourceTree = "<group>"; };
		F53D74642C10B75100B3738D /* BeastroAppTests.xctest */ = {isa = PBXFileReference; explicitFileType = wrapper.cfbundle; includeInIndex = 0; path = BeastroAppTests.xctest; sourceTree = BUILT_PRODUCTS_DIR; };
		F53D74682C10B75100B3738D /* BeastroAppTests.swift */ = {isa = PBXFileReference; lastKnownFileType = sourcecode.swift; path = BeastroAppTests.swift; sourceTree = "<group>"; };
		F53D746E2C10B75100B3738D /* BeastroAppUITests.xctest */ = {isa = PBXFileReference; explicitFileType = wrapper.cfbundle; includeInIndex = 0; path = BeastroAppUITests.xctest; sourceTree = BUILT_PRODUCTS_DIR; };
		F53D74722C10B75100B3738D /* BeastroAppUITests.swift */ = {isa = PBXFileReference; lastKnownFileType = sourcecode.swift; path = BeastroAppUITests.swift; sourceTree = "<group>"; };
		F53D74742C10B75100B3738D /* BeastroAppUITestsLaunchTests.swift */ = {isa = PBXFileReference; lastKnownFileType = sourcecode.swift; path = BeastroAppUITestsLaunchTests.swift; sourceTree = "<group>"; };
		F53D74812C10B79200B3738D /* BuisnessHours.swift */ = {isa = PBXFileReference; lastKnownFileType = sourcecode.swift; path = BuisnessHours.swift; sourceTree = "<group>"; };
		F53D74832C10B80E00B3738D /* HoursViewModel.swift */ = {isa = PBXFileReference; lastKnownFileType = sourcecode.swift; path = HoursViewModel.swift; sourceTree = "<group>"; };
		F53D74852C10BA3F00B3738D /* README.md */ = {isa = PBXFileReference; lastKnownFileType = net.daringfireball.markdown; path = README.md; sourceTree = "<group>"; };
		F53D74872C10C4F400B3738D /* Location.swift */ = {isa = PBXFileReference; lastKnownFileType = sourcecode.swift; path = Location.swift; sourceTree = "<group>"; };
/* End PBXFileReference section */

/* Begin PBXFrameworksBuildPhase section */
		F53D74512C10B74000B3738D /* Frameworks */ = {
			isa = PBXFrameworksBuildPhase;
			buildActionMask = 2147483647;
			files = (
			);
			runOnlyForDeploymentPostprocessing = 0;
		};
		F53D74612C10B75100B3738D /* Frameworks */ = {
			isa = PBXFrameworksBuildPhase;
			buildActionMask = 2147483647;
			files = (
			);
			runOnlyForDeploymentPostprocessing = 0;
		};
		F53D746B2C10B75100B3738D /* Frameworks */ = {
			isa = PBXFrameworksBuildPhase;
			buildActionMask = 2147483647;
			files = (
			);
			runOnlyForDeploymentPostprocessing = 0;
		};
/* End PBXFrameworksBuildPhase section */

/* Begin PBXGroup section */
		F53D744B2C10B74000B3738D = {
			isa = PBXGroup;
			children = (
				F53D74562C10B74100B3738D /* BeastroApp */,
				F53D74672C10B75100B3738D /* BeastroAppTests */,
				F53D74712C10B75100B3738D /* BeastroAppUITests */,
				F53D74552C10B74100B3738D /* Products */,
			);
			sourceTree = "<group>";
		};
		F53D74552C10B74100B3738D /* Products */ = {
			isa = PBXGroup;
			children = (
				F53D74542C10B74100B3738D /* BeastroApp.app */,
				F53D74642C10B75100B3738D /* BeastroAppTests.xctest */,
				F53D746E2C10B75100B3738D /* BeastroAppUITests.xctest */,
			);
			name = Products;
			sourceTree = "<group>";
		};
		F53D74562C10B74100B3738D /* BeastroApp */ = {
			isa = PBXGroup;
			children = (
				F53D74572C10B74100B3738D /* BeastroAppApp.swift */,
				F53D74852C10BA3F00B3738D /* README.md */,
				F53D74592C10B74100B3738D /* ContentView.swift */,
				F53D74812C10B79200B3738D /* BuisnessHours.swift */,
				F53D74872C10C4F400B3738D /* Location.swift */,
				F53D74832C10B80E00B3738D /* HoursViewModel.swift */,
				F53D745B2C10B75000B3738D /* Assets.xcassets */,
				F53D745D2C10B75000B3738D /* Preview Content */,
			);
			path = BeastroApp;
			sourceTree = "<group>";
		};
		F53D745D2C10B75000B3738D /* Preview Content */ = {
			isa = PBXGroup;
			children = (
				F53D745E2C10B75000B3738D /* Preview Assets.xcassets */,
			);
			path = "Preview Content";
			sourceTree = "<group>";
		};
		F53D74672C10B75100B3738D /* BeastroAppTests */ = {
			isa = PBXGroup;
			children = (
				F53D74682C10B75100B3738D /* BeastroAppTests.swift */,
			);
			path = BeastroAppTests;
			sourceTree = "<group>";
		};
		F53D74712C10B75100B3738D /* BeastroAppUITests */ = {
			isa = PBXGroup;
			children = (
				F53D74722C10B75100B3738D /* BeastroAppUITests.swift */,
				F53D74742C10B75100B3738D /* BeastroAppUITestsLaunchTests.swift */,
			);
			path = BeastroAppUITests;
			sourceTree = "<group>";
		};
/* End PBXGroup section */

/* Begin PBXNativeTarget section */
		F53D74532C10B74000B3738D /* BeastroApp */ = {
			isa = PBXNativeTarget;
			buildConfigurationList = F53D74782C10B75100B3738D /* Build configuration list for PBXNativeTarget "BeastroApp" */;
			buildPhases = (
				F53D74502C10B74000B3738D /* Sources */,
				F53D74512C10B74000B3738D /* Frameworks */,
				F53D74522C10B74000B3738D /* Resources */,
			);
			buildRules = (
			);
			dependencies = (
			);
			name = BeastroApp;
			productName = BeastroApp;
			productReference = F53D74542C10B74100B3738D /* BeastroApp.app */;
			productType = "com.apple.product-type.application";
		};
		F53D74632C10B75100B3738D /* BeastroAppTests */ = {
			isa = PBXNativeTarget;
			buildConfigurationList = F53D747B2C10B75100B3738D /* Build configuration list for PBXNativeTarget "BeastroAppTests" */;
			buildPhases = (
				F53D74602C10B75100B3738D /* Sources */,
				F53D74612C10B75100B3738D /* Frameworks */,
				F53D74622C10B75100B3738D /* Resources */,
			);
			buildRules = (
			);
			dependencies = (
				F53D74662C10B75100B3738D /* PBXTargetDependency */,
			);
			name = BeastroAppTests;
			productName = BeastroAppTests;
			productReference = F53D74642C10B75100B3738D /* BeastroAppTests.xctest */;
			productType = "com.apple.product-type.bundle.unit-test";
		};
		F53D746D2C10B75100B3738D /* BeastroAppUITests */ = {
			isa = PBXNativeTarget;
			buildConfigurationList = F53D747E2C10B75100B3738D /* Build configuration list for PBXNativeTarget "BeastroAppUITests" */;
			buildPhases = (
				F53D746A2C10B75100B3738D /* Sources */,
				F53D746B2C10B75100B3738D /* Frameworks */,
				F53D746C2C10B75100B3738D /* Resources */,
			);
			buildRules = (
			);
			dependencies = (
				F53D74702C10B75100B3738D /* PBXTargetDependency */,
			);
			name = BeastroAppUITests;
			productName = BeastroAppUITests;
			productReference = F53D746E2C10B75100B3738D /* BeastroAppUITests.xctest */;
			productType = "com.apple.product-type.bundle.ui-testing";
		};
/* End PBXNativeTarget section */

/* Begin PBXProject section */
		F53D744C2C10B74000B3738D /* Project object */ = {
			isa = PBXProject;
			attributes = {
				BuildIndependentTargetsInParallel = 1;
				LastSwiftUpdateCheck = 1420;
				LastUpgradeCheck = 1420;
				TargetAttributes = {
					F53D74532C10B74000B3738D = {
						CreatedOnToolsVersion = 14.2;
					};
					F53D74632C10B75100B3738D = {
						CreatedOnToolsVersion = 14.2;
						TestTargetID = F53D74532C10B74000B3738D;
					};
					F53D746D2C10B75100B3738D = {
						CreatedOnToolsVersion = 14.2;
						TestTargetID = F53D74532C10B74000B3738D;
					};
				};
			};
			buildConfigurationList = F53D744F2C10B74000B3738D /* Build configuration list for PBXProject "BeastroApp" */;
			compatibilityVersion = "Xcode 14.0";
			developmentRegion = en;
			hasScannedForEncodings = 0;
			knownRegions = (
				en,
				Base,
			);
			mainGroup = F53D744B2C10B74000B3738D;
			productRefGroup = F53D74552C10B74100B3738D /* Products */;
			projectDirPath = "";
			projectRoot = "";
			targets = (
				F53D74532C10B74000B3738D /* BeastroApp */,
				F53D74632C10B75100B3738D /* BeastroAppTests */,
				F53D746D2C10B75100B3738D /* BeastroAppUITests */,
			);
		};
/* End PBXProject section */

/* Begin PBXResourcesBuildPhase section */
		F53D74522C10B74000B3738D /* Resources */ = {
			isa = PBXResourcesBuildPhase;
			buildActionMask = 2147483647;
			files = (
				F53D74862C10BA3F00B3738D /* README.md in Resources */,
				F53D745F2C10B75000B3738D /* Preview Assets.xcassets in Resources */,
				F53D745C2C10B75000B3738D /* Assets.xcassets in Resources */,
			);
			runOnlyForDeploymentPostprocessing = 0;
		};
		F53D74622C10B75100B3738D /* Resources */ = {
			isa = PBXResourcesBuildPhase;
			buildActionMask = 2147483647;
			files = (
			);
			runOnlyForDeploymentPostprocessing = 0;
		};
		F53D746C2C10B75100B3738D /* Resources */ = {
			isa = PBXResourcesBuildPhase;
			buildActionMask = 2147483647;
			files = (
			);
			runOnlyForDeploymentPostprocessing = 0;
		};
/* End PBXResourcesBuildPhase section */

/* Begin PBXSourcesBuildPhase section */
		F53D74502C10B74000B3738D /* Sources */ = {
			isa = PBXSourcesBuildPhase;
			buildActionMask = 2147483647;
			files = (
				F53D74842C10B80E00B3738D /* HoursViewModel.swift in Sources */,
				F53D745A2C10B74100B3738D /* ContentView.swift in Sources */,
				F53D74882C10C4F500B3738D /* Location.swift in Sources */,
				F53D74822C10B79200B3738D /* BuisnessHours.swift in Sources */,
				F53D74582C10B74100B3738D /* BeastroAppApp.swift in Sources */,
			);
			runOnlyForDeploymentPostprocessing = 0;
		};
		F53D74602C10B75100B3738D /* Sources */ = {
			isa = PBXSourcesBuildPhase;
			buildActionMask = 2147483647;
			files = (
				F53D74692C10B75100B3738D /* BeastroAppTests.swift in Sources */,
			);
			runOnlyForDeploymentPostprocessing = 0;
		};
		F53D746A2C10B75100B3738D /* Sources */ = {
			isa = PBXSourcesBuildPhase;
			buildActionMask = 2147483647;
			files = (
				F53D74732C10B75100B3738D /* BeastroAppUITests.swift in Sources */,
				F53D74752C10B75100B3738D /* BeastroAppUITestsLaunchTests.swift in Sources */,
			);
			runOnlyForDeploymentPostprocessing = 0;
		};
/* End PBXSourcesBuildPhase section */

/* Begin PBXTargetDependency section */
		F53D74662C10B75100B3738D /* PBXTargetDependency */ = {
			isa = PBXTargetDependency;
			target = F53D74532C10B74000B3738D /* BeastroApp */;
			targetProxy = F53D74652C10B75100B3738D /* PBXContainerItemProxy */;
		};
		F53D74702C10B75100B3738D /* PBXTargetDependency */ = {
			isa = PBXTargetDependency;
			target = F53D74532C10B74000B3738D /* BeastroApp */;
			targetProxy = F53D746F2C10B75100B3738D /* PBXContainerItemProxy */;
		};
/* End PBXTargetDependency section */

/* Begin XCBuildConfiguration section */
		F53D74762C10B75100B3738D /* Debug */ = {
			isa = XCBuildConfiguration;
			buildSettings = {
				ALWAYS_SEARCH_USER_PATHS = NO;
				CLANG_ANALYZER_NONNULL = YES;
				CLANG_ANALYZER_NUMBER_OBJECT_CONVERSION = YES_AGGRESSIVE;
				CLANG_CXX_LANGUAGE_STANDARD = "gnu++20";
				CLANG_ENABLE_MODULES = YES;
				CLANG_ENABLE_OBJC_ARC = YES;
				CLANG_ENABLE_OBJC_WEAK = YES;
				CLANG_WARN_BLOCK_CAPTURE_AUTORELEASING = YES;
				CLANG_WARN_BOOL_CONVERSION = YES;
				CLANG_WARN_COMMA = YES;
				CLANG_WARN_CONSTANT_CONVERSION = YES;
				CLANG_WARN_DEPRECATED_OBJC_IMPLEMENTATIONS = YES;
				CLANG_WARN_DIRECT_OBJC_ISA_USAGE = YES_ERROR;
				CLANG_WARN_DOCUMENTATION_COMMENTS = YES;
				CLANG_WARN_EMPTY_BODY = YES;
				CLANG_WARN_ENUM_CONVERSION = YES;
				CLANG_WARN_INFINITE_RECURSION = YES;
				CLANG_WARN_INT_CONVERSION = YES;
				CLANG_WARN_NON_LITERAL_NULL_CONVERSION = YES;
				CLANG_WARN_OBJC_IMPLICIT_RETAIN_SELF = YES;
				CLANG_WARN_OBJC_LITERAL_CONVERSION = YES;
				CLANG_WARN_OBJC_ROOT_CLASS = YES_ERROR;
				CLANG_WARN_QUOTED_INCLUDE_IN_FRAMEWORK_HEADER = YES;
				CLANG_WARN_RANGE_LOOP_ANALYSIS = YES;
				CLANG_WARN_STRICT_PROTOTYPES = YES;
				CLANG_WARN_SUSPICIOUS_MOVE = YES;
				CLANG_WARN_UNGUARDED_AVAILABILITY = YES_AGGRESSIVE;
				CLANG_WARN_UNREACHABLE_CODE = YES;
				CLANG_WARN__DUPLICATE_METHOD_MATCH = YES;
				COPY_PHASE_STRIP = NO;
				DEBUG_INFORMATION_FORMAT = dwarf;
				ENABLE_STRICT_OBJC_MSGSEND = YES;
				ENABLE_TESTABILITY = YES;
				GCC_C_LANGUAGE_STANDARD = gnu11;
				GCC_DYNAMIC_NO_PIC = NO;
				GCC_NO_COMMON_BLOCKS = YES;
				GCC_OPTIMIZATION_LEVEL = 0;
				GCC_PREPROCESSOR_DEFINITIONS = (
					"DEBUG=1",
					"$(inherited)",
				);
				GCC_WARN_64_TO_32_BIT_CONVERSION = YES;
				GCC_WARN_ABOUT_RETURN_TYPE = YES_ERROR;
				GCC_WARN_UNDECLARED_SELECTOR = YES;
				GCC_WARN_UNINITIALIZED_AUTOS = YES_AGGRESSIVE;
				GCC_WARN_UNUSED_FUNCTION = YES;
				GCC_WARN_UNUSED_VARIABLE = YES;
				IPHONEOS_DEPLOYMENT_TARGET = 16.2;
				MTL_ENABLE_DEBUG_INFO = INCLUDE_SOURCE;
				MTL_FAST_MATH = YES;
				ONLY_ACTIVE_ARCH = YES;
				SDKROOT = iphoneos;
				SWIFT_ACTIVE_COMPILATION_CONDITIONS = DEBUG;
				SWIFT_OPTIMIZATION_LEVEL = "-Onone";
			};
			name = Debug;
		};
		F53D74772C10B75100B3738D /* Release */ = {
			isa = XCBuildConfiguration;
			buildSettings = {
				ALWAYS_SEARCH_USER_PATHS = NO;
				CLANG_ANALYZER_NONNULL = YES;
				CLANG_ANALYZER_NUMBER_OBJECT_CONVERSION = YES_AGGRESSIVE;
				CLANG_CXX_LANGUAGE_STANDARD = "gnu++20";
				CLANG_ENABLE_MODULES = YES;
				CLANG_ENABLE_OBJC_ARC = YES;
				CLANG_ENABLE_OBJC_WEAK = YES;
				CLANG_WARN_BLOCK_CAPTURE_AUTORELEASING = YES;
				CLANG_WARN_BOOL_CONVERSION = YES;
				CLANG_WARN_COMMA = YES;
				CLANG_WARN_CONSTANT_CONVERSION = YES;
				CLANG_WARN_DEPRECATED_OBJC_IMPLEMENTATIONS = YES;
				CLANG_WARN_DIRECT_OBJC_ISA_USAGE = YES_ERROR;
				CLANG_WARN_DOCUMENTATION_COMMENTS = YES;
				CLANG_WARN_EMPTY_BODY = YES;
				CLANG_WARN_ENUM_CONVERSION = YES;
				CLANG_WARN_INFINITE_RECURSION = YES;
				CLANG_WARN_INT_CONVERSION = YES;
				CLANG_WARN_NON_LITERAL_NULL_CONVERSION = YES;
				CLANG_WARN_OBJC_IMPLICIT_RETAIN_SELF = YES;
				CLANG_WARN_OBJC_LITERAL_CONVERSION = YES;
				CLANG_WARN_OBJC_ROOT_CLASS = YES_ERROR;
				CLANG_WARN_QUOTED_INCLUDE_IN_FRAMEWORK_HEADER = YES;
				CLANG_WARN_RANGE_LOOP_ANALYSIS = YES;
				CLANG_WARN_STRICT_PROTOTYPES = YES;
				CLANG_WARN_SUSPICIOUS_MOVE = YES;
				CLANG_WARN_UNGUARDED_AVAILABILITY = YES_AGGRESSIVE;
				CLANG_WARN_UNREACHABLE_CODE = YES;
				CLANG_WARN__DUPLICATE_METHOD_MATCH = YES;
				COPY_PHASE_STRIP = NO;
				DEBUG_INFORMATION_FORMAT = "dwarf-with-dsym";
				ENABLE_NS_ASSERTIONS = NO;
				ENABLE_STRICT_OBJC_MSGSEND = YES;
				GCC_C_LANGUAGE_STANDARD = gnu11;
				GCC_NO_COMMON_BLOCKS = YES;
				GCC_WARN_64_TO_32_BIT_CONVERSION = YES;
				GCC_WARN_ABOUT_RETURN_TYPE = YES_ERROR;
				GCC_WARN_UNDECLARED_SELECTOR = YES;
				GCC_WARN_UNINITIALIZED_AUTOS = YES_AGGRESSIVE;
				GCC_WARN_UNUSED_FUNCTION = YES;
				GCC_WARN_UNUSED_VARIABLE = YES;
				IPHONEOS_DEPLOYMENT_TARGET = 16.2;
				MTL_ENABLE_DEBUG_INFO = NO;
				MTL_FAST_MATH = YES;
				SDKROOT = iphoneos;
				SWIFT_COMPILATION_MODE = wholemodule;
				SWIFT_OPTIMIZATION_LEVEL = "-O";
				VALIDATE_PRODUCT = YES;
			};
			name = Release;
		};
		F53D74792C10B75100B3738D /* Debug */ = {
			isa = XCBuildConfiguration;
			buildSettings = {
				ASSETCATALOG_COMPILER_APPICON_NAME = AppIcon;
				ASSETCATALOG_COMPILER_GLOBAL_ACCENT_COLOR_NAME = AccentColor;
				CODE_SIGN_STYLE = Automatic;
				CURRENT_PROJECT_VERSION = 1;
				DEVELOPMENT_ASSET_PATHS = "\"BeastroApp/Preview Content\"";
				DEVELOPMENT_TEAM = 59U686YAU5;
				ENABLE_PREVIEWS = YES;
				GENERATE_INFOPLIST_FILE = YES;
				INFOPLIST_KEY_UIApplicationSceneManifest_Generation = YES;
				INFOPLIST_KEY_UIApplicationSupportsIndirectInputEvents = YES;
				INFOPLIST_KEY_UILaunchScreen_Generation = YES;
				INFOPLIST_KEY_UISupportedInterfaceOrientations_iPad = "UIInterfaceOrientationPortrait UIInterfaceOrientationPortraitUpsideDown UIInterfaceOrientationLandscapeLeft UIInterfaceOrientationLandscapeRight";
				INFOPLIST_KEY_UISupportedInterfaceOrientations_iPhone = "UIInterfaceOrientationPortrait UIInterfaceOrientationLandscapeLeft UIInterfaceOrientationLandscapeRight";
				LD_RUNPATH_SEARCH_PATHS = (
					"$(inherited)",
					"@executable_path/Frameworks",
				);
				MARKETING_VERSION = 1.0;
				PRODUCT_BUNDLE_IDENTIFIER = treeapp.BeastroApp;
				PRODUCT_NAME = "$(TARGET_NAME)";
				SWIFT_EMIT_LOC_STRINGS = YES;
				SWIFT_VERSION = 5.0;
				TARGETED_DEVICE_FAMILY = "1,2";
			};
			name = Debug;
		};
		F53D747A2C10B75100B3738D /* Release */ = {
			isa = XCBuildConfiguration;
			buildSettings = {
				ASSETCATALOG_COMPILER_APPICON_NAME = AppIcon;
				ASSETCATALOG_COMPILER_GLOBAL_ACCENT_COLOR_NAME = AccentColor;
				CODE_SIGN_STYLE = Automatic;
				CURRENT_PROJECT_VERSION = 1;
				DEVELOPMENT_ASSET_PATHS = "\"BeastroApp/Preview Content\"";
				DEVELOPMENT_TEAM = 59U686YAU5;
				ENABLE_PREVIEWS = YES;
				GENERATE_INFOPLIST_FILE = YES;
				INFOPLIST_KEY_UIApplicationSceneManifest_Generation = YES;
				INFOPLIST_KEY_UIApplicationSupportsIndirectInputEvents = YES;
				INFOPLIST_KEY_UILaunchScreen_Generation = YES;
				INFOPLIST_KEY_UISupportedInterfaceOrientations_iPad = "UIInterfaceOrientationPortrait UIInterfaceOrientationPortraitUpsideDown UIInterfaceOrientationLandscapeLeft UIInterfaceOrientationLandscapeRight";
				INFOPLIST_KEY_UISupportedInterfaceOrientations_iPhone = "UIInterfaceOrientationPortrait UIInterfaceOrientationLandscapeLeft UIInterfaceOrientationLandscapeRight";
				LD_RUNPATH_SEARCH_PATHS = (
					"$(inherited)",
					"@executable_path/Frameworks",
				);
				MARKETING_VERSION = 1.0;
				PRODUCT_BUNDLE_IDENTIFIER = treeapp.BeastroApp;
				PRODUCT_NAME = "$(TARGET_NAME)";
				SWIFT_EMIT_LOC_STRINGS = YES;
				SWIFT_VERSION = 5.0;
				TARGETED_DEVICE_FAMILY = "1,2";
			};
			name = Release;
		};
		F53D747C2C10B75100B3738D /* Debug */ = {
			isa = XCBuildConfiguration;
			buildSettings = {
				ALWAYS_EMBED_SWIFT_STANDARD_LIBRARIES = YES;
				BUNDLE_LOADER = "$(TEST_HOST)";
				CODE_SIGN_STYLE = Automatic;
				CURRENT_PROJECT_VERSION = 1;
				DEVELOPMENT_TEAM = 59U686YAU5;
				GENERATE_INFOPLIST_FILE = YES;
				IPHONEOS_DEPLOYMENT_TARGET = 16.2;
				MARKETING_VERSION = 1.0;
				PRODUCT_BUNDLE_IDENTIFIER = treeapp.BeastroAppTests;
				PRODUCT_NAME = "$(TARGET_NAME)";
				SWIFT_EMIT_LOC_STRINGS = NO;
				SWIFT_VERSION = 5.0;
				TARGETED_DEVICE_FAMILY = "1,2";
				TEST_HOST = "$(BUILT_PRODUCTS_DIR)/BeastroApp.app/$(BUNDLE_EXECUTABLE_FOLDER_PATH)/BeastroApp";
			};
			name = Debug;
		};
		F53D747D2C10B75100B3738D /* Release */ = {
			isa = XCBuildConfiguration;
			buildSettings = {
				ALWAYS_EMBED_SWIFT_STANDARD_LIBRARIES = YES;
				BUNDLE_LOADER = "$(TEST_HOST)";
				CODE_SIGN_STYLE = Automatic;
				CURRENT_PROJECT_VERSION = 1;
				DEVELOPMENT_TEAM = 59U686YAU5;
				GENERATE_INFOPLIST_FILE = YES;
				IPHONEOS_DEPLOYMENT_TARGET = 16.2;
				MARKETING_VERSION = 1.0;
				PRODUCT_BUNDLE_IDENTIFIER = treeapp.BeastroAppTests;
				PRODUCT_NAME = "$(TARGET_NAME)";
				SWIFT_EMIT_LOC_STRINGS = NO;
				SWIFT_VERSION = 5.0;
				TARGETED_DEVICE_FAMILY = "1,2";
				TEST_HOST = "$(BUILT_PRODUCTS_DIR)/BeastroApp.app/$(BUNDLE_EXECUTABLE_FOLDER_PATH)/BeastroApp";
			};
			name = Release;
		};
		F53D747F2C10B75100B3738D /* Debug */ = {
			isa = XCBuildConfiguration;
			buildSettings = {
				ALWAYS_EMBED_SWIFT_STANDARD_LIBRARIES = YES;
				CODE_SIGN_STYLE = Automatic;
				CURRENT_PROJECT_VERSION = 1;
				DEVELOPMENT_TEAM = 59U686YAU5;
				GENERATE_INFOPLIST_FILE = YES;
				MARKETING_VERSION = 1.0;
				PRODUCT_BUNDLE_IDENTIFIER = treeapp.BeastroAppUITests;
				PRODUCT_NAME = "$(TARGET_NAME)";
				SWIFT_EMIT_LOC_STRINGS = NO;
				SWIFT_VERSION = 5.0;
				TARGETED_DEVICE_FAMILY = "1,2";
				TEST_TARGET_NAME = BeastroApp;
			};
			name = Debug;
		};
		F53D74802C10B75100B3738D /* Release */ = {
			isa = XCBuildConfiguration;
			buildSettings = {
				ALWAYS_EMBED_SWIFT_STANDARD_LIBRARIES = YES;
				CODE_SIGN_STYLE = Automatic;
				CURRENT_PROJECT_VERSION = 1;
				DEVELOPMENT_TEAM = 59U686YAU5;
				GENERATE_INFOPLIST_FILE = YES;
				MARKETING_VERSION = 1.0;
				PRODUCT_BUNDLE_IDENTIFIER = treeapp.BeastroAppUITests;
				PRODUCT_NAME = "$(TARGET_NAME)";
				SWIFT_EMIT_LOC_STRINGS = NO;
				SWIFT_VERSION = 5.0;
				TARGETED_DEVICE_FAMILY = "1,2";
				TEST_TARGET_NAME = BeastroApp;
			};
			name = Release;
		};
/* End XCBuildConfiguration section */

/* Begin XCConfigurationList section */
		F53D744F2C10B74000B3738D /* Build configuration list for PBXProject "BeastroApp" */ = {
			isa = XCConfigurationList;
			buildConfigurations = (
				F53D74762C10B75100B3738D /* Debug */,
				F53D74772C10B75100B3738D /* Release */,
			);
			defaultConfigurationIsVisible = 0;
			defaultConfigurationName = Release;
		};
		F53D74782C10B75100B3738D /* Build configuration list for PBXNativeTarget "BeastroApp" */ = {
			isa = XCConfigurationList;
			buildConfigurations = (
				F53D74792C10B75100B3738D /* Debug */,
				F53D747A2C10B75100B3738D /* Release */,
			);
			defaultConfigurationIsVisible = 0;
			defaultConfigurationName = Release;
		};
		F53D747B2C10B75100B3738D /* Build configuration list for PBXNativeTarget "BeastroAppTests" */ = {
			isa = XCConfigurationList;
			buildConfigurations = (
				F53D747C2C10B75100B3738D /* Debug */,
				F53D747D2C10B75100B3738D /* Release */,
			);
			defaultConfigurationIsVisible = 0;
			defaultConfigurationName = Release;
		};
		F53D747E2C10B75100B3738D /* Build configuration list for PBXNativeTarget "BeastroAppUITests" */ = {
			isa = XCConfigurationList;
			buildConfigurations = (
				F53D747F2C10B75100B3738D /* Debug */,
				F53D74802C10B75100B3738D /* Release */,
			);
			defaultConfigurationIsVisible = 0;
			defaultConfigurationName = Release;
		};
/* End XCConfigurationList section */
	};
	rootObject = F53D744C2C10B74000B3738D /* Project object */;
}
